# This file is generated by running "yarn install" inside your project.
# Manual changes might be lost - proceed with caution!

__metadata:
  version: 8
  cacheKey: 10c0

"@hapi/address@npm:^5.1.1":
  version: 5.1.1
  resolution: "@hapi/address@npm:5.1.1"
  dependencies:
    "@hapi/hoek": "npm:^11.0.2"
  checksum: 10c0/78138effe1e9a36fd12eb42e24adf97f3ca94b9ab1f6db65e3136cf0e5cdbd1578c14adffde18a50d776db2f326a8cb3a16d783b6705b22571a603fa47c8c3d3
  languageName: node
  linkType: hard

"@hapi/formula@npm:^3.0.2":
  version: 3.0.2
  resolution: "@hapi/formula@npm:3.0.2"
  checksum: 10c0/794d30dd13ecc070b9d93e01dacad8175c270f89bcfaa92300f843b7666d915b319d0b792694385d79270c84b52f003a4310f117202303cce3069808751f7a41
  languageName: node
  linkType: hard

"@hapi/hoek@npm:^11.0.2, @hapi/hoek@npm:^11.0.7":
  version: 11.0.7
  resolution: "@hapi/hoek@npm:11.0.7"
  checksum: 10c0/39a4a3ae9526ed66509f6d03c6eb43179a2590df6e98443328c966cfa5e7cbb9d340f61fdbe0afe092662d5377d5a611c3303c808fee26a9c9cfd6bd3737dc1c
  languageName: node
  linkType: hard

"@hapi/pinpoint@npm:^2.0.1":
  version: 2.0.1
  resolution: "@hapi/pinpoint@npm:2.0.1"
  checksum: 10c0/b3072f2c57c9fa2e44d85168e253e331324158509e1c45dae2676f31555326410345fd2422f890c41201e2783c5e9bb8c7b0bdcf6abe01079742a943b0c300b9
  languageName: node
  linkType: hard

"@hapi/tlds@npm:^1.1.1":
  version: 1.1.2
  resolution: "@hapi/tlds@npm:1.1.2"
  checksum: 10c0/1735a13c0acc68c07f9cfe79110dfe53ac0beb6b5716ca57823cd3ff8a1e3bfe95ef513df9fef1073d5a5270da1f9bb4176319335eb3471cfd6948371602c0a5
  languageName: node
  linkType: hard

"@hapi/topo@npm:^6.0.2":
  version: 6.0.2
  resolution: "@hapi/topo@npm:6.0.2"
  dependencies:
    "@hapi/hoek": "npm:^11.0.2"
  checksum: 10c0/5a0079805e9a542bdb852912ce6ed3221ddd0a58569354b3900e165faabe50fb1d2d488067db97c494194835684b055828b6267be3064ac42cf2ce28db02edfc
  languageName: node
  linkType: hard

"@prisma/client@npm:^6.13.0":
  version: 6.13.0
  resolution: "@prisma/client@npm:6.13.0"
  peerDependencies:
    prisma: "*"
    typescript: ">=5.1.0"
  peerDependenciesMeta:
    prisma:
      optional: true
    typescript:
      optional: true
  checksum: 10c0/6d3d181aa91265bd6a331069b1d8358d83f02ffea788121d19f051a58e9957ae2df68e10e5e9e01b389fb942e4c7fa0de27af95deac216dfff7182bf5d7befc0
  languageName: node
  linkType: hard

"@standard-schema/spec@npm:^1.0.0":
  version: 1.0.0
  resolution: "@standard-schema/spec@npm:1.0.0"
  checksum: 10c0/a1ab9a8bdc09b5b47aa8365d0e0ec40cc2df6437be02853696a0e377321653b0d3ac6f079a8c67d5ddbe9821025584b1fb71d9cc041a6666a96f1fadf2ece15f
  languageName: node
  linkType: hard

"@types/accepts@npm:*":
  version: 1.3.7
  resolution: "@types/accepts@npm:1.3.7"
  dependencies:
    "@types/node": "npm:*"
  checksum: 10c0/7b21efc78b98ed57063ac31588f871f11501c080cd1201ca3743cf02ee0aee74bdb5a634183bc0987dc8dc582b26316789fd203650319ccc89a66cf88311d64f
  languageName: node
  linkType: hard

"@types/body-parser@npm:*":
  version: 1.19.6
  resolution: "@types/body-parser@npm:1.19.6"
  dependencies:
    "@types/connect": "npm:*"
    "@types/node": "npm:*"
  checksum: 10c0/542da05c924dce58ee23f50a8b981fee36921850c82222e384931fda3e106f750f7880c47be665217d72dbe445129049db6eb1f44e7a06b09d62af8f3cca8ea7
  languageName: node
  linkType: hard

"@types/connect@npm:*":
  version: 3.4.38
  resolution: "@types/connect@npm:3.4.38"
  dependencies:
    "@types/node": "npm:*"
  checksum: 10c0/2e1cdba2c410f25649e77856505cd60223250fa12dff7a503e492208dbfdd25f62859918f28aba95315251fd1f5e1ffbfca1e25e73037189ab85dd3f8d0a148c
  languageName: node
  linkType: hard

"@types/content-disposition@npm:*":
  version: 0.5.9
  resolution: "@types/content-disposition@npm:0.5.9"
  checksum: 10c0/9fd520dae1a9c7b85909e59f548f905a670a6e2f83642f9734d1b05126f64ac8c8e2c282a663edf27d58bc34fbbacf46a4d4a95d3802b42106174a19a68175c8
  languageName: node
  linkType: hard

"@types/cookies@npm:*":
  version: 0.9.1
  resolution: "@types/cookies@npm:0.9.1"
  dependencies:
    "@types/connect": "npm:*"
    "@types/express": "npm:*"
    "@types/keygrip": "npm:*"
    "@types/node": "npm:*"
  checksum: 10c0/730db4fb29435a4cc3c3243d9b8f4db8eb8b92cc4302217700ac808032fdfc30d9b408cace9818283d85c886d114ed8e6e9461f9975034853ca7de8b06225a4f
  languageName: node
  linkType: hard

"@types/express-serve-static-core@npm:^5.0.0":
  version: 5.0.7
  resolution: "@types/express-serve-static-core@npm:5.0.7"
  dependencies:
    "@types/node": "npm:*"
    "@types/qs": "npm:*"
    "@types/range-parser": "npm:*"
    "@types/send": "npm:*"
  checksum: 10c0/28666f6a0743b8678be920a6eed075bc8afc96fc7d8ef59c3c049bd6b51533da3b24daf3b437d061e053fba1475e4f3175cb4972f5e8db41608e817997526430
  languageName: node
  linkType: hard

"@types/express@npm:*":
  version: 5.0.3
  resolution: "@types/express@npm:5.0.3"
  dependencies:
    "@types/body-parser": "npm:*"
    "@types/express-serve-static-core": "npm:^5.0.0"
    "@types/serve-static": "npm:*"
  checksum: 10c0/f0fbc8daa7f40070b103cf4d020ff1dd08503477d866d1134b87c0390bba71d5d7949cb8b4e719a81ccba89294d8e1573414e6dcbb5bb1d097a7b820928ebdef
  languageName: node
  linkType: hard

"@types/http-assert@npm:*":
  version: 1.5.6
  resolution: "@types/http-assert@npm:1.5.6"
  checksum: 10c0/62d536440a5e09f4b7968112f4b235212407937033de800993f95b6f140181b4b2ad6075b73094e7ca0ccf7d9c80d68b93ca53fb1af196cc6d0257f3a4c3d5ba
  languageName: node
  linkType: hard

"@types/http-errors@npm:*, @types/http-errors@npm:^2":
  version: 2.0.5
  resolution: "@types/http-errors@npm:2.0.5"
  checksum: 10c0/00f8140fbc504f47356512bd88e1910c2f07e04233d99c88c854b3600ce0523c8cd0ba7d1897667243282eb44c59abb9245959e2428b9de004f93937f52f7c15
  languageName: node
  linkType: hard

"@types/joi@npm:^17.2.2":
  version: 17.2.3
  resolution: "@types/joi@npm:17.2.3"
  dependencies:
    joi: "npm:*"
  checksum: 10c0/5e034b8176b0145a8b0fba2231f90aeb81757de2d076d7d41f567a823b7206c69a36508033ef938f8465e49dbcd8617f134667b0c3cb887fb13c049cc3d50522
  languageName: node
  linkType: hard

"@types/keygrip@npm:*":
  version: 1.0.6
  resolution: "@types/keygrip@npm:1.0.6"
  checksum: 10c0/1045a79913259f539ac1d04384ea8f61cf29f1d299040eb4b67d92304ec3bcea59b7e4b83cf95a73aa251ff62e55924e380d0c563a21fe8f6e91de20cc610386
  languageName: node
  linkType: hard

"@types/koa-compose@npm:*":
  version: 3.2.8
  resolution: "@types/koa-compose@npm:3.2.8"
  dependencies:
    "@types/koa": "npm:*"
  checksum: 10c0/f2bfb7376c1e9075e8df7a46a5fce073159b01b94ec7dcca6e9f68627d48ea86a726bcfbd06491e1c99f68c0f27b8174b498081f9a3e4f976694452b5d0b5f01
  languageName: node
  linkType: hard

"@types/koa@npm:*":
  version: 3.0.0
  resolution: "@types/koa@npm:3.0.0"
  dependencies:
    "@types/accepts": "npm:*"
    "@types/content-disposition": "npm:*"
    "@types/cookies": "npm:*"
    "@types/http-assert": "npm:*"
    "@types/http-errors": "npm:^2"
    "@types/keygrip": "npm:*"
    "@types/koa-compose": "npm:*"
    "@types/node": "npm:*"
  checksum: 10c0/69ac13b9da736cb645e1837b714c2eb21655b61d341a82389702c3f8157071aad1c0953847e0c51bb1ed3accde839691b7e3d2d422ad1c5f215783a451b52897
  languageName: node
  linkType: hard

"@types/koa__router@npm:^12.0.4":
  version: 12.0.4
  resolution: "@types/koa__router@npm:12.0.4"
  dependencies:
    "@types/koa": "npm:*"
  checksum: 10c0/bc783b47d3c2a6bb8171ba3ddffa5781c5ed11e6b716e74281dfb71229ceb3189ddf5ac178e6f9552ca9d43e8370e0bd558054d66439b43a9e500d046a15ffa8
  languageName: node
  linkType: hard

"@types/mime@npm:^1":
  version: 1.3.5
  resolution: "@types/mime@npm:1.3.5"
  checksum: 10c0/c2ee31cd9b993804df33a694d5aa3fa536511a49f2e06eeab0b484fef59b4483777dbb9e42a4198a0809ffbf698081fdbca1e5c2218b82b91603dfab10a10fbc
  languageName: node
  linkType: hard

"@types/node@npm:*":
  version: 24.2.0
  resolution: "@types/node@npm:24.2.0"
  dependencies:
    undici-types: "npm:~7.10.0"
  checksum: 10c0/0b55af4d7b37fea47bbeffffaff908462fa19ea9b1a18f92d9ed6d8415d97971b254f8cb3f629cd238916e94711fdb6ac939aa750cb353dfd6df6c0339435740
  languageName: node
  linkType: hard

"@types/qs@npm:*":
  version: 6.14.0
  resolution: "@types/qs@npm:6.14.0"
  checksum: 10c0/5b3036df6e507483869cdb3858201b2e0b64b4793dc4974f188caa5b5732f2333ab9db45c08157975054d3b070788b35088b4bc60257ae263885016ee2131310
  languageName: node
  linkType: hard

"@types/range-parser@npm:*":
  version: 1.2.7
  resolution: "@types/range-parser@npm:1.2.7"
  checksum: 10c0/361bb3e964ec5133fa40644a0b942279ed5df1949f21321d77de79f48b728d39253e5ce0408c9c17e4e0fd95ca7899da36841686393b9f7a1e209916e9381a3c
  languageName: node
  linkType: hard

"@types/send@npm:*":
  version: 0.17.5
  resolution: "@types/send@npm:0.17.5"
  dependencies:
    "@types/mime": "npm:^1"
    "@types/node": "npm:*"
  checksum: 10c0/a86c9b89bb0976ff58c1cdd56360ea98528f4dbb18a5c2287bb8af04815513a576a42b4e0e1e7c4d14f7d6ea54733f6ef935ebff8c65e86d9c222881a71e1f15
  languageName: node
  linkType: hard

"@types/serve-static@npm:*":
  version: 1.15.8
  resolution: "@types/serve-static@npm:1.15.8"
  dependencies:
    "@types/http-errors": "npm:*"
    "@types/node": "npm:*"
    "@types/send": "npm:*"
  checksum: 10c0/8ad86a25b87da5276cb1008c43c74667ff7583904d46d5fcaf0355887869d859d453d7dc4f890788ae04705c23720e9b6b6f3215e2d1d2a4278bbd090a9268dd
  languageName: node
  linkType: hard

"joi@npm:*":
  version: 18.0.0
  resolution: "joi@npm:18.0.0"
  dependencies:
    "@hapi/address": "npm:^5.1.1"
    "@hapi/formula": "npm:^3.0.2"
    "@hapi/hoek": "npm:^11.0.7"
    "@hapi/pinpoint": "npm:^2.0.1"
    "@hapi/tlds": "npm:^1.1.1"
    "@hapi/topo": "npm:^6.0.2"
    "@standard-schema/spec": "npm:^1.0.0"
  checksum: 10c0/13bacd15e3b3d08a32f110f5543214f0c57ff985aca006c208e912973373082296f9cf586a16dc6de25b028d33e5e7732e2852b9c42e1a22e8280dd823b416f0
  languageName: node
  linkType: hard

"root-workspace-0b6124@workspace:.":
  version: 0.0.0-use.local
  resolution: "root-workspace-0b6124@workspace:."
  dependencies:
    "@prisma/client": "npm:^6.13.0"
    "@types/joi": "npm:^17.2.2"
    "@types/koa__router": "npm:^12.0.4"
  languageName: unknown
  linkType: soft

"undici-types@npm:~7.10.0":
  version: 7.10.0
  resolution: "undici-types@npm:7.10.0"
  checksum: 10c0/8b00ce50e235fe3cc601307f148b5e8fb427092ee3b23e8118ec0a5d7f68eca8cee468c8fc9f15cbb2cf2a3797945ebceb1cbd9732306a1d00e0a9b6afa0f635
  languageName: node
  linkType: hard
